
Microsoft Visual Studio Solution File, Format Version 12.00
# Visual Studio 15
VisualStudioVersion = 15.0.28010.2046
MinimumVisualStudioVersion = 10.0.40219.1
Project("{FAE04EC0-301F-11D3-BF4B-00C04F79EFBC}") = "OpenUI5Sharp", "OpenUI5Sharp\OpenUI5Sharp.csproj", "{2263F8A4-7C55-47FB-B6D3-7E293B3D3EB7}"
EndProject
Global
	GlobalSection(SolutionConfigurationPlatforms) = preSolution
		Debug|Any CPU = Debug|Any CPU
		Release|Any CPU = Release|Any CPU
	EndGlobalSection
	GlobalSection(ProjectConfigurationPlatforms) = postSolution
		{2263F8A4-7C55-47FB-B6D3-7E293B3D3EB7}.Debug|Any CPU.ActiveCfg = Debug|Any CPU
		{2263F8A4-7C55-47FB-B6D3-7E293B3D3EB7}.Debug|Any CPU.Build.0 = Debug|Any CPU
		{2263F8A4-7C55-47FB-B6D3-7E293B3D3EB7}.Release|Any CPU.ActiveCfg = Release|Any CPU
		{2263F8A4-7C55-47FB-B6D3-7E293B3D3EB7}.Release|Any CPU.Build.0 = Release|Any CPU
	EndGlobalSection
	GlobalSection(SolutionProperties) = preSolution
		HideSolutionNode = FALSE
	EndGlobalSection
	GlobalSection(ExtensibilityGlobals) = postSolution
		SolutionGuid = {F5DD8692-7F1A-4BC9-BF9D-5EDD3338BFB1}
	EndGlobalSection
EndGlobal
